
Microsoft Visual Studio Solution File, Format Version 12.00
# Visual Studio Version 16
VisualStudioVersion = 16.0.31229.75
MinimumVisualStudioVersion = 10.0.40219.1
Project("{FAE04EC0-301F-11D3-BF4B-00C04F79EFBC}") = "BowlingGame", "BowlingGame\BowlingGame.csproj", "{46B7D30D-F684-47BA-8B4B-488B1926FAB9}"
EndProject
Project("{FAE04EC0-301F-11D3-BF4B-00C04F79EFBC}") = "BowlingGameTest", "BowlingGameTest\BowlingGameTest.csproj", "{8F7329CD-C2BB-4387-9237-251406A4C2E2}"
EndProject
Global
	GlobalSection(SolutionConfigurationPlatforms) = preSolution
		Debug|Any CPU = Debug|Any CPU
		Release|Any CPU = Release|Any CPU
	EndGlobalSection
	GlobalSection(ProjectConfigurationPlatforms) = postSolution
		{46B7D30D-F684-47BA-8B4B-488B1926FAB9}.Debug|Any CPU.ActiveCfg = Debug|Any CPU
		{46B7D30D-F684-47BA-8B4B-488B1926FAB9}.Debug|Any CPU.Build.0 = Debug|Any CPU
		{46B7D30D-F684-47BA-8B4B-488B1926FAB9}.Release|Any CPU.ActiveCfg = Release|Any CPU
		{46B7D30D-F684-47BA-8B4B-488B1926FAB9}.Release|Any CPU.Build.0 = Release|Any CPU
		{8F7329CD-C2BB-4387-9237-251406A4C2E2}.Debug|Any CPU.ActiveCfg = Debug|Any CPU
		{8F7329CD-C2BB-4387-9237-251406A4C2E2}.Debug|Any CPU.Build.0 = Debug|Any CPU
		{8F7329CD-C2BB-4387-9237-251406A4C2E2}.Release|Any CPU.ActiveCfg = Release|Any CPU
		{8F7329CD-C2BB-4387-9237-251406A4C2E2}.Release|Any CPU.Build.0 = Release|Any CPU
	EndGlobalSection
	GlobalSection(SolutionProperties) = preSolution
		HideSolutionNode = FALSE
	EndGlobalSection
	GlobalSection(ExtensibilityGlobals) = postSolution
		SolutionGuid = {E50BF7DD-4783-4650-B891-871EA6CD3F6F}
	EndGlobalSection
EndGlobal
